
Microsoft Visual Studio Solution File, Format Version 12.00
# Visual Studio Version 16
VisualStudioVersion = 16.0.30804.86
MinimumVisualStudioVersion = 10.0.40219.1
Project("{FAE04EC0-301F-11D3-BF4B-00C04F79EFBC}") = "test for inheritance", "test for inheritance\test for inheritance.csproj", "{DB5C4783-97F0-4C14-80F3-1A382794ACC1}"
EndProject
Global
	GlobalSection(SolutionConfigurationPlatforms) = preSolution
		Debug|Any CPU = Debug|Any CPU
		Release|Any CPU = Release|Any CPU
	EndGlobalSection
	GlobalSection(ProjectConfigurationPlatforms) = postSolution
		{DB5C4783-97F0-4C14-80F3-1A382794ACC1}.Debug|Any CPU.ActiveCfg = Debug|Any CPU
		{DB5C4783-97F0-4C14-80F3-1A382794ACC1}.Debug|Any CPU.Build.0 = Debug|Any CPU
		{DB5C4783-97F0-4C14-80F3-1A382794ACC1}.Release|Any CPU.ActiveCfg = Release|Any CPU
		{DB5C4783-97F0-4C14-80F3-1A382794ACC1}.Release|Any CPU.Build.0 = Release|Any CPU
	EndGlobalSection
	GlobalSection(SolutionProperties) = preSolution
		HideSolutionNode = FALSE
	EndGlobalSection
	GlobalSection(ExtensibilityGlobals) = postSolution
		SolutionGuid = {7E77644C-2D31-4E11-83FE-2CCAEF9D182F}
	EndGlobalSection
EndGlobal
